
Microsoft Visual Studio Solution File, Format Version 12.00
# Visual Studio Version 17
VisualStudioVersion = 17.12.35707.178
MinimumVisualStudioVersion = 10.0.40219.1
Project("{FAE04EC0-301F-11D3-BF4B-00C04F79EFBC}") = "asp.net", "asp.net\asp.net.csproj", "{42E4A20F-D6EC-40DD-8DD9-DD4C7C12DA89}"
EndProject
Project("{FAE04EC0-301F-11D3-BF4B-00C04F79EFBC}") = "viewState", "viewState\viewState.csproj", "{748DD0AA-90B5-4786-964E-F073539BE750}"
EndProject
Project("{FAE04EC0-301F-11D3-BF4B-00C04F79EFBC}") = "EventsLifeCycle", "EventsLifeCycle\EventsLifeCycle.csproj", "{82BB1733-A7C8-4A29-B7AA-007EC63185C7}"
EndProject
Project("{FAE04EC0-301F-11D3-BF4B-00C04F79EFBC}") = "assignment1", "assignment1\assignment1.csproj", "{910F3086-E706-4663-986A-E8D9AAE105E5}"
EndProject
Project("{FAE04EC0-301F-11D3-BF4B-00C04F79EFBC}") = "RadioButton", "RadioButton\RadioButton.csproj", "{B58C2229-6B8E-4450-BE5C-1378E38D5AEF}"
EndProject
Project("{FAE04EC0-301F-11D3-BF4B-00C04F79EFBC}") = "HyperLinkControl", "HyperLinkControl\HyperLinkControl.csproj", "{CC62A01F-728B-4CFC-BD65-01C47D579A91}"
EndProject
Project("{FAE04EC0-301F-11D3-BF4B-00C04F79EFBC}") = "btnLinkbtnImagebtn", "btnLinkbtnImagebtn\btnLinkbtnImagebtn.csproj", "{0F445DBA-C45B-4378-BB47-765D9DB6F031}"
EndProject
Project("{FAE04EC0-301F-11D3-BF4B-00C04F79EFBC}") = "dropDown", "dropDown\dropDown.csproj", "{59C7713E-240E-4150-A852-E030692C46E5}"
EndProject
Project("{FAE04EC0-301F-11D3-BF4B-00C04F79EFBC}") = "ControlsExc2", "ControlsExc2\ControlsExc2.csproj", "{9C6FD84B-08CC-4254-8153-92CA1619723C}"
EndProject
Project("{FAE04EC0-301F-11D3-BF4B-00C04F79EFBC}") = "requiredFieldValidator", "requiredFieldValidator\requiredFieldValidator.csproj", "{87DC4AF4-46DD-463C-93BA-4094998EC616}"
EndProject
Project("{FAE04EC0-301F-11D3-BF4B-00C04F79EFBC}") = "rangeValidator", "rangeValidator\rangeValidator.csproj", "{15C8829D-94F0-4260-BF21-4614A3BD420E}"
EndProject
Project("{FAE04EC0-301F-11D3-BF4B-00C04F79EFBC}") = "compareValidator", "compareValidator\compareValidator.csproj", "{697AA3DC-6CB8-4D84-95CF-A68F28EA0DD2}"
EndProject
Project("{FAE04EC0-301F-11D3-BF4B-00C04F79EFBC}") = "regexValidator", "regexValidator\regexValidator.csproj", "{DD9117E5-19FD-492B-837E-98F9D5365944}"
EndProject
Project("{FAE04EC0-301F-11D3-BF4B-00C04F79EFBC}") = "customValidator", "customValidator\customValidator.csproj", "{1FD38A38-B6F6-4A83-B50C-1BDFFE49CF69}"
EndProject
Global
	GlobalSection(SolutionConfigurationPlatforms) = preSolution
		Debug|Any CPU = Debug|Any CPU
		Release|Any CPU = Release|Any CPU
	EndGlobalSection
	GlobalSection(ProjectConfigurationPlatforms) = postSolution
		{42E4A20F-D6EC-40DD-8DD9-DD4C7C12DA89}.Debug|Any CPU.ActiveCfg = Debug|Any CPU
		{42E4A20F-D6EC-40DD-8DD9-DD4C7C12DA89}.Debug|Any CPU.Build.0 = Debug|Any CPU
		{42E4A20F-D6EC-40DD-8DD9-DD4C7C12DA89}.Release|Any CPU.ActiveCfg = Release|Any CPU
		{42E4A20F-D6EC-40DD-8DD9-DD4C7C12DA89}.Release|Any CPU.Build.0 = Release|Any CPU
		{748DD0AA-90B5-4786-964E-F073539BE750}.Debug|Any CPU.ActiveCfg = Debug|Any CPU
		{748DD0AA-90B5-4786-964E-F073539BE750}.Debug|Any CPU.Build.0 = Debug|Any CPU
		{748DD0AA-90B5-4786-964E-F073539BE750}.Release|Any CPU.ActiveCfg = Release|Any CPU
		{748DD0AA-90B5-4786-964E-F073539BE750}.Release|Any CPU.Build.0 = Release|Any CPU
		{82BB1733-A7C8-4A29-B7AA-007EC63185C7}.Debug|Any CPU.ActiveCfg = Debug|Any CPU
		{82BB1733-A7C8-4A29-B7AA-007EC63185C7}.Debug|Any CPU.Build.0 = Debug|Any CPU
		{82BB1733-A7C8-4A29-B7AA-007EC63185C7}.Release|Any CPU.ActiveCfg = Release|Any CPU
		{82BB1733-A7C8-4A29-B7AA-007EC63185C7}.Release|Any CPU.Build.0 = Release|Any CPU
		{910F3086-E706-4663-986A-E8D9AAE105E5}.Debug|Any CPU.ActiveCfg = Debug|Any CPU
		{910F3086-E706-4663-986A-E8D9AAE105E5}.Debug|Any CPU.Build.0 = Debug|Any CPU
		{910F3086-E706-4663-986A-E8D9AAE105E5}.Release|Any CPU.ActiveCfg = Release|Any CPU
		{910F3086-E706-4663-986A-E8D9AAE105E5}.Release|Any CPU.Build.0 = Release|Any CPU
		{B58C2229-6B8E-4450-BE5C-1378E38D5AEF}.Debug|Any CPU.ActiveCfg = Debug|Any CPU
		{B58C2229-6B8E-4450-BE5C-1378E38D5AEF}.Debug|Any CPU.Build.0 = Debug|Any CPU
		{B58C2229-6B8E-4450-BE5C-1378E38D5AEF}.Release|Any CPU.ActiveCfg = Release|Any CPU
		{B58C2229-6B8E-4450-BE5C-1378E38D5AEF}.Release|Any CPU.Build.0 = Release|Any CPU
		{CC62A01F-728B-4CFC-BD65-01C47D579A91}.Debug|Any CPU.ActiveCfg = Debug|Any CPU
		{CC62A01F-728B-4CFC-BD65-01C47D579A91}.Debug|Any CPU.Build.0 = Debug|Any CPU
		{CC62A01F-728B-4CFC-BD65-01C47D579A91}.Release|Any CPU.ActiveCfg = Release|Any CPU
		{CC62A01F-728B-4CFC-BD65-01C47D579A91}.Release|Any CPU.Build.0 = Release|Any CPU
		{0F445DBA-C45B-4378-BB47-765D9DB6F031}.Debug|Any CPU.ActiveCfg = Debug|Any CPU
		{0F445DBA-C45B-4378-BB47-765D9DB6F031}.Debug|Any CPU.Build.0 = Debug|Any CPU
		{0F445DBA-C45B-4378-BB47-765D9DB6F031}.Release|Any CPU.ActiveCfg = Release|Any CPU
		{0F445DBA-C45B-4378-BB47-765D9DB6F031}.Release|Any CPU.Build.0 = Release|Any CPU
		{59C7713E-240E-4150-A852-E030692C46E5}.Debug|Any CPU.ActiveCfg = Debug|Any CPU
		{59C7713E-240E-4150-A852-E030692C46E5}.Debug|Any CPU.Build.0 = Debug|Any CPU
		{59C7713E-240E-4150-A852-E030692C46E5}.Release|Any CPU.ActiveCfg = Release|Any CPU
		{59C7713E-240E-4150-A852-E030692C46E5}.Release|Any CPU.Build.0 = Release|Any CPU
		{9C6FD84B-08CC-4254-8153-92CA1619723C}.Debug|Any CPU.ActiveCfg = Debug|Any CPU
		{9C6FD84B-08CC-4254-8153-92CA1619723C}.Debug|Any CPU.Build.0 = Debug|Any CPU
		{9C6FD84B-08CC-4254-8153-92CA1619723C}.Release|Any CPU.ActiveCfg = Release|Any CPU
		{9C6FD84B-08CC-4254-8153-92CA1619723C}.Release|Any CPU.Build.0 = Release|Any CPU
		{87DC4AF4-46DD-463C-93BA-4094998EC616}.Debug|Any CPU.ActiveCfg = Debug|Any CPU
		{87DC4AF4-46DD-463C-93BA-4094998EC616}.Debug|Any CPU.Build.0 = Debug|Any CPU
		{87DC4AF4-46DD-463C-93BA-4094998EC616}.Release|Any CPU.ActiveCfg = Release|Any CPU
		{87DC4AF4-46DD-463C-93BA-4094998EC616}.Release|Any CPU.Build.0 = Release|Any CPU
		{15C8829D-94F0-4260-BF21-4614A3BD420E}.Debug|Any CPU.ActiveCfg = Debug|Any CPU
		{15C8829D-94F0-4260-BF21-4614A3BD420E}.Debug|Any CPU.Build.0 = Debug|Any CPU
		{15C8829D-94F0-4260-BF21-4614A3BD420E}.Release|Any CPU.ActiveCfg = Release|Any CPU
		{15C8829D-94F0-4260-BF21-4614A3BD420E}.Release|Any CPU.Build.0 = Release|Any CPU
		{697AA3DC-6CB8-4D84-95CF-A68F28EA0DD2}.Debug|Any CPU.ActiveCfg = Debug|Any CPU
		{697AA3DC-6CB8-4D84-95CF-A68F28EA0DD2}.Debug|Any CPU.Build.0 = Debug|Any CPU
		{697AA3DC-6CB8-4D84-95CF-A68F28EA0DD2}.Release|Any CPU.ActiveCfg = Release|Any CPU
		{697AA3DC-6CB8-4D84-95CF-A68F28EA0DD2}.Release|Any CPU.Build.0 = Release|Any CPU
		{DD9117E5-19FD-492B-837E-98F9D5365944}.Debug|Any CPU.ActiveCfg = Debug|Any CPU
		{DD9117E5-19FD-492B-837E-98F9D5365944}.Debug|Any CPU.Build.0 = Debug|Any CPU
		{DD9117E5-19FD-492B-837E-98F9D5365944}.Release|Any CPU.ActiveCfg = Release|Any CPU
		{DD9117E5-19FD-492B-837E-98F9D5365944}.Release|Any CPU.Build.0 = Release|Any CPU
		{1FD38A38-B6F6-4A83-B50C-1BDFFE49CF69}.Debug|Any CPU.ActiveCfg = Debug|Any CPU
		{1FD38A38-B6F6-4A83-B50C-1BDFFE49CF69}.Debug|Any CPU.Build.0 = Debug|Any CPU
		{1FD38A38-B6F6-4A83-B50C-1BDFFE49CF69}.Release|Any CPU.ActiveCfg = Release|Any CPU
		{1FD38A38-B6F6-4A83-B50C-1BDFFE49CF69}.Release|Any CPU.Build.0 = Release|Any CPU
	EndGlobalSection
	GlobalSection(SolutionProperties) = preSolution
		HideSolutionNode = FALSE
	EndGlobalSection
EndGlobal
